
Microsoft Visual Studio Solution File, Format Version 12.00
# Visual Studio Version 16
VisualStudioVersion = 16.0.31702.278
MinimumVisualStudioVersion = 10.0.40219.1
Project("{FAE04EC0-301F-11D3-BF4B-00C04F79EFBC}") = "1", "1\1.csproj", "{85BBBDC3-F11A-4C91-958A-110CB500B950}"
EndProject
Project("{FAE04EC0-301F-11D3-BF4B-00C04F79EFBC}") = "2", "2\2.csproj", "{CEE1A5CC-EE9F-489B-9D45-2797738A3956}"
EndProject
Global
	GlobalSection(SolutionConfigurationPlatforms) = preSolution
		Debug|Any CPU = Debug|Any CPU
		Release|Any CPU = Release|Any CPU
	EndGlobalSection
	GlobalSection(ProjectConfigurationPlatforms) = postSolution
		{85BBBDC3-F11A-4C91-958A-110CB500B950}.Debug|Any CPU.ActiveCfg = Debug|Any CPU
		{85BBBDC3-F11A-4C91-958A-110CB500B950}.Debug|Any CPU.Build.0 = Debug|Any CPU
		{85BBBDC3-F11A-4C91-958A-110CB500B950}.Release|Any CPU.ActiveCfg = Release|Any CPU
		{85BBBDC3-F11A-4C91-958A-110CB500B950}.Release|Any CPU.Build.0 = Release|Any CPU
		{CEE1A5CC-EE9F-489B-9D45-2797738A3956}.Debug|Any CPU.ActiveCfg = Debug|Any CPU
		{CEE1A5CC-EE9F-489B-9D45-2797738A3956}.Debug|Any CPU.Build.0 = Debug|Any CPU
		{CEE1A5CC-EE9F-489B-9D45-2797738A3956}.Release|Any CPU.ActiveCfg = Release|Any CPU
		{CEE1A5CC-EE9F-489B-9D45-2797738A3956}.Release|Any CPU.Build.0 = Release|Any CPU
	EndGlobalSection
	GlobalSection(SolutionProperties) = preSolution
		HideSolutionNode = FALSE
	EndGlobalSection
	GlobalSection(ExtensibilityGlobals) = postSolution
		SolutionGuid = {AC26868F-F24E-4E7A-BF94-32E066B6F8FC}
	EndGlobalSection
EndGlobal
